{
  "name": "metamask_brute",
  "version": "1.0.0",
  "lockfileVersion": 3,
  "requires": true,
  "packages": {
    "": {
      "name": "metamask_brute",
      "version": "1.0.0",
      "license": "ISC",
      "dependencies": {
        "@metamask/browser-passworder": "^4.1.0"
      }
    },
    "node_modules/@metamask/browser-passworder": {
      "version": "4.1.0",
      "resolved": "https://registry.npmjs.org/@metamask/browser-passworder/-/browser-passworder-4.1.0.tgz",
      "integrity": "sha512-FBvah1mPte5HudQdkgqAh2+Zc75T9kYxey+dCtHIj9gKohkHDcIA1bTOPLk0bBH+6PnOzYNPG8devvH04GOmPA==",
      "engines": {
        "node": ">=14.0.0"
      }
    }
  }
}
